{
  "name": "test-randomizing-example-nodejs-commonjs",
  "version": "0.0.0",
  "lockfileVersion": 2,
  "requires": true,
  "packages": {
    "": {
      "name": "test-randomizing-example-nodejs-commonjs",
      "version": "0.0.0",
      "license": "MIT",
      "devDependencies": {
        "faker": "5.5.3",
        "test-randomizing": "0.1.1"
      }
    },
    "node_modules/faker": {
      "version": "5.5.3",
      "resolved": "https://registry.npmjs.org/faker/-/faker-5.5.3.tgz",
      "integrity": "sha512-wLTv2a28wjUyWkbnX7u/ABZBkUkIF2fCd73V6P2oFqEGEktDfzWx4UxrSqtPRw0xPRAcjeAOIiJWqZm3pP4u3g==",
      "dev": true
    },
    "node_modules/test-randomizing": {
      "version": "0.1.1",
      "resolved": "https://registry.npmjs.org/test-randomizing/-/test-randomizing-0.1.1.tgz",
      "integrity": "sha512-YWLtlUI8tS/UTRAx/V4FaQH0jtehI8PnNjnWqJ05DhjkD8sQo3Mqn30JGw7liZg4bDgCFzjVjAhI9TofOj4Vug==",
      "dev": true
    }
  },
  "dependencies": {
    "faker": {
      "version": "5.5.3",
      "resolved": "https://registry.npmjs.org/faker/-/faker-5.5.3.tgz",
      "integrity": "sha512-wLTv2a28wjUyWkbnX7u/ABZBkUkIF2fCd73V6P2oFqEGEktDfzWx4UxrSqtPRw0xPRAcjeAOIiJWqZm3pP4u3g==",
      "dev": true
    },
    "test-randomizing": {
      "version": "0.1.1",
      "resolved": "https://registry.npmjs.org/test-randomizing/-/test-randomizing-0.1.1.tgz",
      "integrity": "sha512-YWLtlUI8tS/UTRAx/V4FaQH0jtehI8PnNjnWqJ05DhjkD8sQo3Mqn30JGw7liZg4bDgCFzjVjAhI9TofOj4Vug==",
      "dev": true
    }
  }
}
