{
  "name": "nodejs",
  "version": "1.0.0",
  "lockfileVersion": 2,
  "requires": true,
  "packages": {
    "": {
      "name": "nodejs",
      "version": "1.0.0",
      "license": "ISC",
      "devDependencies": {
        "faker": "^5.5.3",
        "test-randomizing": "^0.1.0"
      }
    },
    "node_modules/faker": {
      "version": "5.5.3",
      "resolved": "https://registry.npmjs.org/faker/-/faker-5.5.3.tgz",
      "integrity": "sha512-wLTv2a28wjUyWkbnX7u/ABZBkUkIF2fCd73V6P2oFqEGEktDfzWx4UxrSqtPRw0xPRAcjeAOIiJWqZm3pP4u3g==",
      "dev": true
    },
    "node_modules/test-randomizing": {
      "version": "0.1.0",
      "resolved": "https://registry.npmjs.org/test-randomizing/-/test-randomizing-0.1.0.tgz",
      "integrity": "sha512-voRnbaX+u27hyBNYKIE0hnQsCGG4+glziInoDlKJHa30T0x4HXMMo2Q2JVofHiVZ48TfLa2kYM3XUdwS7eSENQ==",
      "dev": true
    }
  },
  "dependencies": {
    "faker": {
      "version": "5.5.3",
      "resolved": "https://registry.npmjs.org/faker/-/faker-5.5.3.tgz",
      "integrity": "sha512-wLTv2a28wjUyWkbnX7u/ABZBkUkIF2fCd73V6P2oFqEGEktDfzWx4UxrSqtPRw0xPRAcjeAOIiJWqZm3pP4u3g==",
      "dev": true
    },
    "test-randomizing": {
      "version": "0.1.0",
      "resolved": "https://registry.npmjs.org/test-randomizing/-/test-randomizing-0.1.0.tgz",
      "integrity": "sha512-voRnbaX+u27hyBNYKIE0hnQsCGG4+glziInoDlKJHa30T0x4HXMMo2Q2JVofHiVZ48TfLa2kYM3XUdwS7eSENQ==",
      "dev": true
    }
  }
}
